
Microsoft Visual Studio Solution File, Format Version 12.00
# Visual Studio Version 17
VisualStudioVersion = 17.1.32228.430
MinimumVisualStudioVersion = 10.0.40219.1
Project("{FAE04EC0-301F-11D3-BF4B-00C04F79EFBC}") = "webapp", "webapp.csproj", "{E8C449BF-1288-41EB-AD8C-75F637EFD53B}"
EndProject
Global
	GlobalSection(SolutionConfigurationPlatforms) = preSolution
		Debug|Any CPU = Debug|Any CPU
		Release|Any CPU = Release|Any CPU
	EndGlobalSection
	GlobalSection(ProjectConfigurationPlatforms) = postSolution
		{E8C449BF-1288-41EB-AD8C-75F637EFD53B}.Debug|Any CPU.ActiveCfg = Debug|Any CPU
		{E8C449BF-1288-41EB-AD8C-75F637EFD53B}.Debug|Any CPU.Build.0 = Debug|Any CPU
		{E8C449BF-1288-41EB-AD8C-75F637EFD53B}.Release|Any CPU.ActiveCfg = Release|Any CPU
		{E8C449BF-1288-41EB-AD8C-75F637EFD53B}.Release|Any CPU.Build.0 = Release|Any CPU
	EndGlobalSection
	GlobalSection(SolutionProperties) = preSolution
		HideSolutionNode = FALSE
	EndGlobalSection
	GlobalSection(ExtensibilityGlobals) = postSolution
		SolutionGuid = {433D71CC-5284-46C9-BB97-426EE2BF8E99}
	EndGlobalSection
EndGlobal
